
Microsoft Visual Studio Solution File, Format Version 12.00
# Visual Studio 2015
Project("{FAE04EC0-301F-11D3-BF4B-00C04F79EFBC}") = "AR_ScanDemo", "AR_ScanDemo.csproj", "{70E2E7C9-506D-107B-935E-C05CC33F27F8}"
EndProject
Project("{FAE04EC0-301F-11D3-BF4B-00C04F79EFBC}") = "AR_ScanDemo.Editor", "AR_ScanDemo.Editor.csproj", "{A7D27B07-F562-D9C0-A9EF-0A4F8BE00E54}"
EndProject
Global
	GlobalSection(SolutionConfigurationPlatforms) = preSolution
		Debug|Any CPU = Debug|Any CPU
		Release|Any CPU = Release|Any CPU
	EndGlobalSection
	GlobalSection(ProjectConfigurationPlatforms) = postSolution
		{70E2E7C9-506D-107B-935E-C05CC33F27F8}.Debug|Any CPU.ActiveCfg = Debug|Any CPU
		{70E2E7C9-506D-107B-935E-C05CC33F27F8}.Debug|Any CPU.Build.0 = Debug|Any CPU
		{70E2E7C9-506D-107B-935E-C05CC33F27F8}.Release|Any CPU.ActiveCfg = Release|Any CPU
		{70E2E7C9-506D-107B-935E-C05CC33F27F8}.Release|Any CPU.Build.0 = Release|Any CPU
		{A7D27B07-F562-D9C0-A9EF-0A4F8BE00E54}.Debug|Any CPU.ActiveCfg = Debug|Any CPU
		{A7D27B07-F562-D9C0-A9EF-0A4F8BE00E54}.Debug|Any CPU.Build.0 = Debug|Any CPU
		{A7D27B07-F562-D9C0-A9EF-0A4F8BE00E54}.Release|Any CPU.ActiveCfg = Release|Any CPU
		{A7D27B07-F562-D9C0-A9EF-0A4F8BE00E54}.Release|Any CPU.Build.0 = Release|Any CPU
	EndGlobalSection
	GlobalSection(SolutionProperties) = preSolution
		HideSolutionNode = FALSE
	EndGlobalSection
EndGlobal
